{
  "name": "ejs-app",
  "version": "1.0.0",
  "lockfileVersion": 3,
  "requires": true,
  "packages": {
    "": {
      "name": "ejs-app",
      "version": "1.0.0",
      "license": "ISC",
      "dependencies": {
        "dotenv": "^17.4.2",
        "ejs": "^6.0.1"
      }
    },
    "node_modules/dotenv": {
      "version": "17.4.2",
      "resolved": "https://registry.npmjs.org/dotenv/-/dotenv-17.4.2.tgz",
      "integrity": "sha512-nI4U3TottKAcAD9LLud4Cb7b2QztQMUEfHbvhTH09bqXTxnSie8WnjPALV/WMCrJZ6UV/qHJ6L03OqO3LcdYZw==",
      "license": "BSD-2-Clause",
      "engines": {
        "node": ">=12"
      },
      "funding": {
        "url": "https://dotenvx.com"
      }
    },
    "node_modules/ejs": {
      "version": "6.0.1",
      "resolved": "https://registry.npmjs.org/ejs/-/ejs-6.0.1.tgz",
      "integrity": "sha512-UaaM14yby8U3k02ihS1Bmj5Kz2d7CCQM1scxpgs4Mhkq8F1wR2gl3+Ts4h5Ne4Mnt7M9m4Dw7jsuMr3+xO4vZA==",
      "license": "Apache-2.0",
      "bin": {
        "ejs": "bin/cli.js"
      },
      "engines": {
        "node": ">=0.12.18"
      }
    }
  }
}
